// !$*UTF8*$!
{
	archiveVersion = 1;
	classes = {
	};
	objectVersion = 46;
	objects = {

/* Begin PBXBuildFile section */
		E9A118CE1B28A644006DBAC1 /* Meme.swift in Sources */ = {isa = PBXBuildFile; fileRef = E9A118CD1B28A644006DBAC1 /* Meme.swift */; };
		E9FA67871B1E10F200B5A31C /* AppDelegate.swift in Sources */ = {isa = PBXBuildFile; fileRef = E9FA67861B1E10F200B5A31C /* AppDelegate.swift */; };
		E9FA67891B1E10F200B5A31C /* MemeEditorViewController.swift in Sources */ = {isa = PBXBuildFile; fileRef = E9FA67881B1E10F200B5A31C /* MemeEditorViewController.swift */; };
		E9FA678C1B1E10F200B5A31C /* Main.storyboard in Resources */ = {isa = PBXBuildFile; fileRef = E9FA678A1B1E10F200B5A31C /* Main.storyboard */; };
		E9FA678E1B1E10F200B5A31C /* Images.xcassets in Resources */ = {isa = PBXBuildFile; fileRef = E9FA678D1B1E10F200B5A31C /* Images.xcassets */; };
		E9FA67911B1E10F200B5A31C /* LaunchScreen.xib in Resources */ = {isa = PBXBuildFile; fileRef = E9FA678F1B1E10F200B5A31C /* LaunchScreen.xib */; };
		E9FA679D1B1E10F200B5A31C /* Meme_MeTests.swift in Sources */ = {isa = PBXBuildFile; fileRef = E9FA679C1B1E10F200B5A31C /* Meme_MeTests.swift */; };
/* End PBXBuildFile section */

/* Begin PBXContainerItemProxy section */
		E9FA67971B1E10F200B5A31C /* PBXContainerItemProxy */ = {
			isa = PBXContainerItemProxy;
			containerPortal = E9FA67791B1E10F200B5A31C /* Project object */;
			proxyType = 1;
			remoteGlobalIDString = E9FA67801B1E10F200B5A31C;
			remoteInfo = "Meme Me";
		};
/* End PBXContainerItemProxy section */

/* Begin PBXFileReference section */
		E9A118CD1B28A644006DBAC1 /* Meme.swift */ = {isa = PBXFileReference; fileEncoding = 4; lastKnownFileType = sourcecode.swift; path = Meme.swift; sourceTree = "<group>"; };
		E9FA67811B1E10F200B5A31C /* Meme Me.app */ = {isa = PBXFileReference; explicitFileType = wrapper.application; includeInIndex = 0; path = "Meme Me.app"; sourceTree = BUILT_PRODUCTS_DIR; };
		E9FA67851B1E10F200B5A31C /* Info.plist */ = {isa = PBXFileReference; lastKnownFileType = text.plist.xml; path = Info.plist; sourceTree = "<group>"; };
		E9FA67861B1E10F200B5A31C /* AppDelegate.swift */ = {isa = PBXFileReference; lastKnownFileType = sourcecode.swift; path = AppDelegate.swift; sourceTree = "<group>"; };
		E9FA67881B1E10F200B5A31C /* MemeEditorViewController.swift */ = {isa = PBXFileReference; lastKnownFileType = sourcecode.swift; path = MemeEditorViewController.swift; sourceTree = "<group>"; };
		E9FA678B1B1E10F200B5A31C /* Base */ = {isa = PBXFileReference; lastKnownFileType = file.storyboard; name = Base; path = Base.lproj/Main.storyboard; sourceTree = "<group>"; };
		E9FA678D1B1E10F200B5A31C /* Images.xcassets */ = {isa = PBXFileReference; lastKnownFileType = folder.assetcatalog; path = Images.xcassets; sourceTree = "<group>"; };
		E9FA67901B1E10F200B5A31C /* Base */ = {isa = PBXFileReference; lastKnownFileType = file.xib; name = Base; path = Base.lproj/LaunchScreen.xib; sourceTree = "<group>"; };
		E9FA67961B1E10F200B5A31C /* Meme MeTests.xctest */ = {isa = PBXFileReference; explicitFileType = wrapper.cfbundle; includeInIndex = 0; path = "Meme MeTests.xctest"; sourceTree = BUILT_PRODUCTS_DIR; };
		E9FA679B1B1E10F200B5A31C /* Info.plist */ = {isa = PBXFileReference; lastKnownFileType = text.plist.xml; path = Info.plist; sourceTree = "<group>"; };
		E9FA679C1B1E10F200B5A31C /* Meme_MeTests.swift */ = {isa = PBXFileReference; lastKnownFileType = sourcecode.swift; path = Meme_MeTests.swift; sourceTree = "<group>"; };
/* End PBXFileReference section */

/* Begin PBXFrameworksBuildPhase section */
		E9FA677E1B1E10F200B5A31C /* Frameworks */ = {
			isa = PBXFrameworksBuildPhase;
			buildActionMask = 2147483647;
			files = (
			);
			runOnlyForDeploymentPostprocessing = 0;
		};
		E9FA67931B1E10F200B5A31C /* Frameworks */ = {
			isa = PBXFrameworksBuildPhase;
			buildActionMask = 2147483647;
			files = (
			);
			runOnlyForDeploymentPostprocessing = 0;
		};
/* End PBXFrameworksBuildPhase section */

/* Begin PBXGroup section */
		E9FA67781B1E10F200B5A31C = {
			isa = PBXGroup;
			children = (
				E9FA67831B1E10F200B5A31C /* Meme Me */,
				E9FA67991B1E10F200B5A31C /* Meme MeTests */,
				E9FA67821B1E10F200B5A31C /* Products */,
			);
			sourceTree = "<group>";
		};
		E9FA67821B1E10F200B5A31C /* Products */ = {
			isa = PBXGroup;
			children = (
				E9FA67811B1E10F200B5A31C /* Meme Me.app */,
				E9FA67961B1E10F200B5A31C /* Meme MeTests.xctest */,
			);
			name = Products;
			sourceTree = "<group>";
		};
		E9FA67831B1E10F200B5A31C /* Meme Me */ = {
			isa = PBXGroup;
			children = (
				E9FA67861B1E10F200B5A31C /* AppDelegate.swift */,
				E9FA67881B1E10F200B5A31C /* MemeEditorViewController.swift */,
				E9FA678A1B1E10F200B5A31C /* Main.storyboard */,
				E9A118CD1B28A644006DBAC1 /* Meme.swift */,
				E9FA678F1B1E10F200B5A31C /* LaunchScreen.xib */,
				E9FA678D1B1E10F200B5A31C /* Images.xcassets */,
				E9FA67841B1E10F200B5A31C /* Supporting Files */,
			);
			path = "Meme Me";
			sourceTree = "<group>";
		};
		E9FA67841B1E10F200B5A31C /* Supporting Files */ = {
			isa = PBXGroup;
			children = (
				E9FA67851B1E10F200B5A31C /* Info.plist */,
			);
			name = "Supporting Files";
			sourceTree = "<group>";
		};
		E9FA67991B1E10F200B5A31C /* Meme MeTests */ = {
			isa = PBXGroup;
			children = (
				E9FA679C1B1E10F200B5A31C /* Meme_MeTests.swift */,
				E9FA679A1B1E10F200B5A31C /* Supporting Files */,
			);
			path = "Meme MeTests";
			sourceTree = "<group>";
		};
		E9FA679A1B1E10F200B5A31C /* Supporting Files */ = {
			isa = PBXGroup;
			children = (
				E9FA679B1B1E10F200B5A31C /* Info.plist */,
			);
			name = "Supporting Files";
			sourceTree = "<group>";
		};
/* End PBXGroup section */

/* Begin PBXNativeTarget section */
		E9FA67801B1E10F200B5A31C /* Meme Me */ = {
			isa = PBXNativeTarget;
			buildConfigurationList = E9FA67A01B1E10F200B5A31C /* Build configuration list for PBXNativeTarget "Meme Me" */;
			buildPhases = (
				E9FA677D1B1E10F200B5A31C /* Sources */,
				E9FA677E1B1E10F200B5A31C /* Frameworks */,
				E9FA677F1B1E10F200B5A31C /* Resources */,
			);
			buildRules = (
			);
			dependencies = (
			);
			name = "Meme Me";
			productName = "Meme Me";
			productReference = E9FA67811B1E10F200B5A31C /* Meme Me.app */;
			productType = "com.apple.product-type.application";
		};
		E9FA67951B1E10F200B5A31C /* Meme MeTests */ = {
			isa = PBXNativeTarget;
			buildConfigurationList = E9FA67A31B1E10F200B5A31C /* Build configuration list for PBXNativeTarget "Meme MeTests" */;
			buildPhases = (
				E9FA67921B1E10F200B5A31C /* Sources */,
				E9FA67931B1E10F200B5A31C /* Frameworks */,
				E9FA67941B1E10F200B5A31C /* Resources */,
			);
			buildRules = (
			);
			dependencies = (
				E9FA67981B1E10F200B5A31C /* PBXTargetDependency */,
			);
			name = "Meme MeTests";
			productName = "Meme MeTests";
			productReference = E9FA67961B1E10F200B5A31C /* Meme MeTests.xctest */;
			productType = "com.apple.product-type.bundle.unit-test";
		};
/* End PBXNativeTarget section */

/* Begin PBXProject section */
		E9FA67791B1E10F200B5A31C /* Project object */ = {
			isa = PBXProject;
			attributes = {
				LastUpgradeCheck = 0630;
				ORGANIZATIONNAME = Msen;
				TargetAttributes = {
					E9FA67801B1E10F200B5A31C = {
						CreatedOnToolsVersion = 6.3.2;
					};
					E9FA67951B1E10F200B5A31C = {
						CreatedOnToolsVersion = 6.3.2;
						TestTargetID = E9FA67801B1E10F200B5A31C;
					};
				};
			};
			buildConfigurationList = E9FA677C1B1E10F200B5A31C /* Build configuration list for PBXProject "Meme Me" */;
			compatibilityVersion = "Xcode 3.2";
			developmentRegion = English;
			hasScannedForEncodings = 0;
			knownRegions = (
				en,
				Base,
			);
			mainGroup = E9FA67781B1E10F200B5A31C;
			productRefGroup = E9FA67821B1E10F200B5A31C /* Products */;
			projectDirPath = "";
			projectRoot = "";
			targets = (
				E9FA67801B1E10F200B5A31C /* Meme Me */,
				E9FA67951B1E10F200B5A31C /* Meme MeTests */,
			);
		};
/* End PBXProject section */

/* Begin PBXResourcesBuildPhase section */
		E9FA677F1B1E10F200B5A31C /* Resources */ = {
			isa = PBXResourcesBuildPhase;
			buildActionMask = 2147483647;
			files = (
				E9FA678C1B1E10F200B5A31C /* Main.storyboard in Resources */,
				E9FA67911B1E10F200B5A31C /* LaunchScreen.xib in Resources */,
				E9FA678E1B1E10F200B5A31C /* Images.xcassets in Resources */,
			);
			runOnlyForDeploymentPostprocessing = 0;
		};
		E9FA67941B1E10F200B5A31C /* Resources */ = {
			isa = PBXResourcesBuildPhase;
			buildActionMask = 2147483647;
			files = (
			);
			runOnlyForDeploymentPostprocessing = 0;
		};
/* End PBXResourcesBuildPhase section */

/* Begin PBXSourcesBuildPhase section */
		E9FA677D1B1E10F200B5A31C /* Sources */ = {
			isa = PBXSourcesBuildPhase;
			buildActionMask = 2147483647;
			files = (
				E9A118CE1B28A644006DBAC1 /* Meme.swift in Sources */,
				E9FA67891B1E10F200B5A31C /* MemeEditorViewController.swift in Sources */,
				E9FA67871B1E10F200B5A31C /* AppDelegate.swift in Sources */,
			);
			runOnlyForDeploymentPostprocessing = 0;
		};
		E9FA67921B1E10F200B5A31C /* Sources */ = {
			isa = PBXSourcesBuildPhase;
			buildActionMask = 2147483647;
			files = (
				E9FA679D1B1E10F200B5A31C /* Meme_MeTests.swift in Sources */,
			);
			runOnlyForDeploymentPostprocessing = 0;
		};
/* End PBXSourcesBuildPhase section */

/* Begin PBXTargetDependency section */
		E9FA67981B1E10F200B5A31C /* PBXTargetDependency */ = {
			isa = PBXTargetDependency;
			target = E9FA67801B1E10F200B5A31C /* Meme Me */;
			targetProxy = E9FA67971B1E10F200B5A31C /* PBXContainerItemProxy */;
		};
/* End PBXTargetDependency section */

/* Begin PBXVariantGroup section */
		E9FA678A1B1E10F200B5A31C /* Main.storyboard */ = {
			isa = PBXVariantGroup;
			children = (
				E9FA678B1B1E10F200B5A31C /* Base */,
			);
			name = Main.storyboard;
			sourceTree = "<group>";
		};
		E9FA678F1B1E10F200B5A31C /* LaunchScreen.xib */ = {
			isa = PBXVariantGroup;
			children = (
				E9FA67901B1E10F200B5A31C /* Base */,
			);
			name = LaunchScreen.xib;
			sourceTree = "<group>";
		};
/* End PBXVariantGroup section */

/* Begin XCBuildConfiguration section */
		E9FA679E1B1E10F200B5A31C /* Debug */ = {
			isa = XCBuildConfiguration;
			buildSettings = {
				ALWAYS_SEARCH_USER_PATHS = NO;
				CLANG_CXX_LANGUAGE_STANDARD = "gnu++0x";
				CLANG_CXX_LIBRARY = "libc++";
				CLANG_ENABLE_MODULES = YES;
				CLANG_ENABLE_OBJC_ARC = YES;
				CLANG_WARN_BOOL_CONVERSION = YES;
				CLANG_WARN_CONSTANT_CONVERSION = YES;
				CLANG_WARN_DIRECT_OBJC_ISA_USAGE = YES_ERROR;
				CLANG_WARN_EMPTY_BODY = YES;
				CLANG_WARN_ENUM_CONVERSION = YES;
				CLANG_WARN_INT_CONVERSION = YES;
				CLANG_WARN_OBJC_ROOT_CLASS = YES_ERROR;
				CLANG_WARN_UNREACHABLE_CODE = YES;
				CLANG_WARN__DUPLICATE_METHOD_MATCH = YES;
				"CODE_SIGN_IDENTITY[sdk=iphoneos*]" = "iPhone Developer";
				COPY_PHASE_STRIP = NO;
				DEBUG_INFORMATION_FORMAT = "dwarf-with-dsym";
				ENABLE_STRICT_OBJC_MSGSEND = YES;
				GCC_C_LANGUAGE_STANDARD = gnu99;
				GCC_DYNAMIC_NO_PIC = NO;
				GCC_NO_COMMON_BLOCKS = YES;
				GCC_OPTIMIZATION_LEVEL = 0;
				GCC_PREPROCESSOR_DEFINITIONS = (
					"DEBUG=1",
					"$(inherited)",
				);
				GCC_SYMBOLS_PRIVATE_EXTERN = NO;
				GCC_WARN_64_TO_32_BIT_CONVERSION = YES;
				GCC_WARN_ABOUT_RETURN_TYPE = YES_ERROR;
				GCC_WARN_UNDECLARED_SELECTOR = YES;
				GCC_WARN_UNINITIALIZED_AUTOS = YES_AGGRESSIVE;
				GCC_WARN_UNUSED_FUNCTION = YES;
				GCC_WARN_UNUSED_VARIABLE = YES;
				IPHONEOS_DEPLOYMENT_TARGET = 8.3;
				MTL_ENABLE_DEBUG_INFO = YES;
				ONLY_ACTIVE_ARCH = YES;
				SDKROOT = iphoneos;
				SWIFT_OPTIMIZATION_LEVEL = "-Onone";
			};
			name = Debug;
		};
		E9FA679F1B1E10F200B5A31C /* Release */ = {
			isa = XCBuildConfiguration;
			buildSettings = {
				ALWAYS_SEARCH_USER_PATHS = NO;
				CLANG_CXX_LANGUAGE_STANDARD = "gnu++0x";
				CLANG_CXX_LIBRARY = "libc++";
				CLANG_ENABLE_MODULES = YES;
				CLANG_ENABLE_OBJC_ARC = YES;
				CLANG_WARN_BOOL_CONVERSION = YES;
				CLANG_WARN_CONSTANT_CONVERSION = YES;
				CLANG_WARN_DIRECT_OBJC_ISA_USAGE = YES_ERROR;
				CLANG_WARN_EMPTY_BODY = YES;
				CLANG_WARN_ENUM_CONVERSION = YES;
				CLANG_WARN_INT_CONVERSION = YES;
				CLANG_WARN_OBJC_ROOT_CLASS = YES_ERROR;
				CLANG_WARN_UNREACHABLE_CODE = YES;
				CLANG_WARN__DUPLICATE_METHOD_MATCH = YES;
				"CODE_SIGN_IDENTITY[sdk=iphoneos*]" = "iPhone Developer";
				COPY_PHASE_STRIP = NO;
				DEBUG_INFORMATION_FORMAT = "dwarf-with-dsym";
				ENABLE_NS_ASSERTIONS = NO;
				ENABLE_STRICT_OBJC_MSGSEND = YES;
				GCC_C_LANGUAGE_STANDARD = gnu99;
				GCC_NO_COMMON_BLOCKS = YES;
				GCC_WARN_64_TO_32_BIT_CONVERSION = YES;
				GCC_WARN_ABOUT_RETURN_TYPE = YES_ERROR;
				GCC_WARN_UNDECLARED_SELECTOR = YES;
				GCC_WARN_UNINITIALIZED_AUTOS = YES_AGGRESSIVE;
				GCC_WARN_UNUSED_FUNCTION = YES;
				GCC_WARN_UNUSED_VARIABLE = YES;
				IPHONEOS_DEPLOYMENT_TARGET = 8.3;
				MTL_ENABLE_DEBUG_INFO = NO;
				SDKROOT = iphoneos;
				VALIDATE_PRODUCT = YES;
			};
			name = Release;
		};
		E9FA67A11B1E10F200B5A31C /* Debug */ = {
			isa = XCBuildConfiguration;
			buildSettings = {
				ASSETCATALOG_COMPILER_APPICON_NAME = AppIcon;
				INFOPLIST_FILE = "Meme Me/Info.plist";
				LD_RUNPATH_SEARCH_PATHS = "$(inherited) @executable_path/Frameworks";
				PRODUCT_NAME = "$(TARGET_NAME)";
			};
			name = Debug;
		};
		E9FA67A21B1E10F200B5A31C /* Release */ = {
			isa = XCBuildConfiguration;
			buildSettings = {
				ASSETCATALOG_COMPILER_APPICON_NAME = AppIcon;
				INFOPLIST_FILE = "Meme Me/Info.plist";
				LD_RUNPATH_SEARCH_PATHS = "$(inherited) @executable_path/Frameworks";
				PRODUCT_NAME = "$(TARGET_NAME)";
			};
			name = Release;
		};
		E9FA67A41B1E10F200B5A31C /* Debug */ = {
			isa = XCBuildConfiguration;
			buildSettings = {
				BUNDLE_LOADER = "$(TEST_HOST)";
				FRAMEWORK_SEARCH_PATHS = (
					"$(SDKROOT)/Developer/Library/Frameworks",
					"$(inherited)",
				);
				GCC_PREPROCESSOR_DEFINITIONS = (
					"DEBUG=1",
					"$(inherited)",
				);
				INFOPLIST_FILE = "Meme MeTests/Info.plist";
				LD_RUNPATH_SEARCH_PATHS = "$(inherited) @executable_path/Frameworks @loader_path/Frameworks";
				PRODUCT_NAME = "$(TARGET_NAME)";
				TEST_HOST = "$(BUILT_PRODUCTS_DIR)/Meme Me.app/Meme Me";
			};
			name = Debug;
		};
		E9FA67A51B1E10F200B5A31C /* Release */ = {
			isa = XCBuildConfiguration;
			buildSettings = {
				BUNDLE_LOADER = "$(TEST_HOST)";
				FRAMEWORK_SEARCH_PATHS = (
					"$(SDKROOT)/Developer/Library/Frameworks",
					"$(inherited)",
				);
				INFOPLIST_FILE = "Meme MeTests/Info.plist";
				LD_RUNPATH_SEARCH_PATHS = "$(inherited) @executable_path/Frameworks @loader_path/Frameworks";
				PRODUCT_NAME = "$(TARGET_NAME)";
				TEST_HOST = "$(BUILT_PRODUCTS_DIR)/Meme Me.app/Meme Me";
			};
			name = Release;
		};
/* End XCBuildConfiguration section */

/* Begin XCConfigurationList section */
		E9FA677C1B1E10F200B5A31C /* Build configuration list for PBXProject "Meme Me" */ = {
			isa = XCConfigurationList;
			buildConfigurations = (
				E9FA679E1B1E10F200B5A31C /* Debug */,
				E9FA679F1B1E10F200B5A31C /* Release */,
			);
			defaultConfigurationIsVisible = 0;
			defaultConfigurationName = Release;
		};
		E9FA67A01B1E10F200B5A31C /* Build configuration list for PBXNativeTarget "Meme Me" */ = {
			isa = XCConfigurationList;
			buildConfigurations = (
				E9FA67A11B1E10F200B5A31C /* Debug */,
				E9FA67A21B1E10F200B5A31C /* Release */,
			);
			defaultConfigurationIsVisible = 0;
			defaultConfigurationName = Release;
		};
		E9FA67A31B1E10F200B5A31C /* Build configuration list for PBXNativeTarget "Meme MeTests" */ = {
			isa = XCConfigurationList;
			buildConfigurations = (
				E9FA67A41B1E10F200B5A31C /* Debug */,
				E9FA67A51B1E10F200B5A31C /* Release */,
			);
			defaultConfigurationIsVisible = 0;
			defaultConfigurationName = Release;
		};
/* End XCConfigurationList section */
	};
	rootObject = E9FA67791B1E10F200B5A31C /* Project object */;
}
